
Microsoft Visual Studio Solution File, Format Version 12.00
# Visual Studio 2012
Project("{FAE04EC0-301F-11D3-BF4B-00C04F79EFBC}") = "SpecFlow.Reporting", "SpecFlow.Reporting\SpecFlow.Reporting.csproj", "{EABA391E-6B65-4E5C-8842-3D71A5F97B4F}"
EndProject
Project("{FAE04EC0-301F-11D3-BF4B-00C04F79EFBC}") = "SpecFlow.Reporting.Json", "SpecFlow.Reporting.Json\SpecFlow.Reporting.Json.csproj", "{C830C923-5398-4F28-99C2-1592EE5F4F7B}"
EndProject
Project("{2150E333-8FDC-42A3-9474-1A3956D46DE8}") = "Solution Items", "Solution Items", "{F06106DF-9C40-4F90-9F2A-5B9FF00874BC}"
	ProjectSection(SolutionItems) = preProject
		.gitignore = .gitignore
		AssemblyInfo.Shared.cs = AssemblyInfo.Shared.cs
		LICENSE = LICENSE
		README.md = README.md
	EndProjectSection
EndProject
Project("{FAE04EC0-301F-11D3-BF4B-00C04F79EFBC}") = "SpecFlow.Reporting.App", "SpecFlow.Reporting.App\SpecFlow.Reporting.App.csproj", "{EA09E3A4-3B14-4CE5-A67E-F1CE9FE17BF8}"
EndProject
Project("{FAE04EC0-301F-11D3-BF4B-00C04F79EFBC}") = "SpecFlow.Reporting.ApprovalTestSuite", "SpecFlow.Reporting.ApprovalTestSuite\SpecFlow.Reporting.ApprovalTestSuite.csproj", "{BBA703FA-94C4-437F-9961-2A321163988A}"
EndProject
Project("{2150E333-8FDC-42A3-9474-1A3956D46DE8}") = "Plugins", "Plugins", "{FC21705D-DD5E-47DC-A845-701864EB7103}"
EndProject
Project("{2150E333-8FDC-42A3-9474-1A3956D46DE8}") = "NuGet", "NuGet", "{22192E5C-EFF7-4A5B-B6E9-D643AB6EA713}"
	ProjectSection(SolutionItems) = preProject
		nuget\CreatePackages.cmd = nuget\CreatePackages.cmd
	EndProjectSection
EndProject
Project("{FAE04EC0-301F-11D3-BF4B-00C04F79EFBC}") = "SpecFlow.Reporting.Xml", "SpecFlow.Reporting.Xml\SpecFlow.Reporting.Xml.csproj", "{7DADFDB7-C67D-46FE-B989-C672C873FCD8}"
EndProject
Project("{FAE04EC0-301F-11D3-BF4B-00C04F79EFBC}") = "SpecFlow.Reporting.PlainText", "SpecFlow.Reporting.PlainText\SpecFlow.Reporting.PlainText.csproj", "{876E9F9F-2A95-413C-A230-678BB51FCDCA}"
EndProject
Global
	GlobalSection(SolutionConfigurationPlatforms) = preSolution
		Build Nuget Packages|Any CPU = Build Nuget Packages|Any CPU
		Debug|Any CPU = Debug|Any CPU
		NuGet|Any CPU = NuGet|Any CPU
		Release|Any CPU = Release|Any CPU
	EndGlobalSection
	GlobalSection(ProjectConfigurationPlatforms) = postSolution
		{EABA391E-6B65-4E5C-8842-3D71A5F97B4F}.Build Nuget Packages|Any CPU.ActiveCfg = Build Nuget Packages|Any CPU
		{EABA391E-6B65-4E5C-8842-3D71A5F97B4F}.Build Nuget Packages|Any CPU.Build.0 = Build Nuget Packages|Any CPU
		{EABA391E-6B65-4E5C-8842-3D71A5F97B4F}.Debug|Any CPU.ActiveCfg = Debug|Any CPU
		{EABA391E-6B65-4E5C-8842-3D71A5F97B4F}.Debug|Any CPU.Build.0 = Debug|Any CPU
		{EABA391E-6B65-4E5C-8842-3D71A5F97B4F}.NuGet|Any CPU.ActiveCfg = NuGet|Any CPU
		{EABA391E-6B65-4E5C-8842-3D71A5F97B4F}.NuGet|Any CPU.Build.0 = NuGet|Any CPU
		{EABA391E-6B65-4E5C-8842-3D71A5F97B4F}.Release|Any CPU.ActiveCfg = Release|Any CPU
		{EABA391E-6B65-4E5C-8842-3D71A5F97B4F}.Release|Any CPU.Build.0 = Release|Any CPU
		{C830C923-5398-4F28-99C2-1592EE5F4F7B}.Build Nuget Packages|Any CPU.ActiveCfg = Build Nuget Packages|Any CPU
		{C830C923-5398-4F28-99C2-1592EE5F4F7B}.Build Nuget Packages|Any CPU.Build.0 = Build Nuget Packages|Any CPU
		{C830C923-5398-4F28-99C2-1592EE5F4F7B}.Debug|Any CPU.ActiveCfg = Debug|Any CPU
		{C830C923-5398-4F28-99C2-1592EE5F4F7B}.Debug|Any CPU.Build.0 = Debug|Any CPU
		{C830C923-5398-4F28-99C2-1592EE5F4F7B}.NuGet|Any CPU.ActiveCfg = NuGet|Any CPU
		{C830C923-5398-4F28-99C2-1592EE5F4F7B}.NuGet|Any CPU.Build.0 = NuGet|Any CPU
		{C830C923-5398-4F28-99C2-1592EE5F4F7B}.Release|Any CPU.ActiveCfg = Release|Any CPU
		{C830C923-5398-4F28-99C2-1592EE5F4F7B}.Release|Any CPU.Build.0 = Release|Any CPU
		{EA09E3A4-3B14-4CE5-A67E-F1CE9FE17BF8}.Build Nuget Packages|Any CPU.ActiveCfg = Build Nuget Packages|Any CPU
		{EA09E3A4-3B14-4CE5-A67E-F1CE9FE17BF8}.Build Nuget Packages|Any CPU.Build.0 = Build Nuget Packages|Any CPU
		{EA09E3A4-3B14-4CE5-A67E-F1CE9FE17BF8}.Debug|Any CPU.ActiveCfg = Debug|Any CPU
		{EA09E3A4-3B14-4CE5-A67E-F1CE9FE17BF8}.Debug|Any CPU.Build.0 = Debug|Any CPU
		{EA09E3A4-3B14-4CE5-A67E-F1CE9FE17BF8}.NuGet|Any CPU.ActiveCfg = NuGet|Any CPU
		{EA09E3A4-3B14-4CE5-A67E-F1CE9FE17BF8}.NuGet|Any CPU.Build.0 = NuGet|Any CPU
		{EA09E3A4-3B14-4CE5-A67E-F1CE9FE17BF8}.Release|Any CPU.ActiveCfg = Release|Any CPU
		{EA09E3A4-3B14-4CE5-A67E-F1CE9FE17BF8}.Release|Any CPU.Build.0 = Release|Any CPU
		{BBA703FA-94C4-437F-9961-2A321163988A}.Build Nuget Packages|Any CPU.ActiveCfg = Build Nuget Packages|Any CPU
		{BBA703FA-94C4-437F-9961-2A321163988A}.Build Nuget Packages|Any CPU.Build.0 = Build Nuget Packages|Any CPU
		{BBA703FA-94C4-437F-9961-2A321163988A}.Debug|Any CPU.ActiveCfg = Debug|Any CPU
		{BBA703FA-94C4-437F-9961-2A321163988A}.Debug|Any CPU.Build.0 = Debug|Any CPU
		{BBA703FA-94C4-437F-9961-2A321163988A}.NuGet|Any CPU.ActiveCfg = NuGet|Any CPU
		{BBA703FA-94C4-437F-9961-2A321163988A}.Release|Any CPU.ActiveCfg = Release|Any CPU
		{BBA703FA-94C4-437F-9961-2A321163988A}.Release|Any CPU.Build.0 = Release|Any CPU
		{7DADFDB7-C67D-46FE-B989-C672C873FCD8}.Build Nuget Packages|Any CPU.ActiveCfg = NuGet|Any CPU
		{7DADFDB7-C67D-46FE-B989-C672C873FCD8}.Build Nuget Packages|Any CPU.Build.0 = NuGet|Any CPU
		{7DADFDB7-C67D-46FE-B989-C672C873FCD8}.Debug|Any CPU.ActiveCfg = Debug|Any CPU
		{7DADFDB7-C67D-46FE-B989-C672C873FCD8}.Debug|Any CPU.Build.0 = Debug|Any CPU
		{7DADFDB7-C67D-46FE-B989-C672C873FCD8}.NuGet|Any CPU.ActiveCfg = NuGet|Any CPU
		{7DADFDB7-C67D-46FE-B989-C672C873FCD8}.NuGet|Any CPU.Build.0 = NuGet|Any CPU
		{7DADFDB7-C67D-46FE-B989-C672C873FCD8}.Release|Any CPU.ActiveCfg = Release|Any CPU
		{7DADFDB7-C67D-46FE-B989-C672C873FCD8}.Release|Any CPU.Build.0 = Release|Any CPU
		{876E9F9F-2A95-413C-A230-678BB51FCDCA}.Build Nuget Packages|Any CPU.ActiveCfg = Build Nuget Packages|Any CPU
		{876E9F9F-2A95-413C-A230-678BB51FCDCA}.Build Nuget Packages|Any CPU.Build.0 = Build Nuget Packages|Any CPU
		{876E9F9F-2A95-413C-A230-678BB51FCDCA}.Debug|Any CPU.ActiveCfg = Debug|Any CPU
		{876E9F9F-2A95-413C-A230-678BB51FCDCA}.Debug|Any CPU.Build.0 = Debug|Any CPU
		{876E9F9F-2A95-413C-A230-678BB51FCDCA}.NuGet|Any CPU.ActiveCfg = NuGet|Any CPU
		{876E9F9F-2A95-413C-A230-678BB51FCDCA}.NuGet|Any CPU.Build.0 = NuGet|Any CPU
		{876E9F9F-2A95-413C-A230-678BB51FCDCA}.Release|Any CPU.ActiveCfg = Release|Any CPU
		{876E9F9F-2A95-413C-A230-678BB51FCDCA}.Release|Any CPU.Build.0 = Release|Any CPU
	EndGlobalSection
	GlobalSection(SolutionProperties) = preSolution
		HideSolutionNode = FALSE
	EndGlobalSection
	GlobalSection(NestedProjects) = preSolution
		{EA09E3A4-3B14-4CE5-A67E-F1CE9FE17BF8} = {FC21705D-DD5E-47DC-A845-701864EB7103}
		{C830C923-5398-4F28-99C2-1592EE5F4F7B} = {FC21705D-DD5E-47DC-A845-701864EB7103}
		{7DADFDB7-C67D-46FE-B989-C672C873FCD8} = {FC21705D-DD5E-47DC-A845-701864EB7103}
		{876E9F9F-2A95-413C-A230-678BB51FCDCA} = {FC21705D-DD5E-47DC-A845-701864EB7103}
	EndGlobalSection
EndGlobal
